// !$*UTF8*$!
{
	archiveVersion = 1;
	classes = {
	};
	objectVersion = 50;
	objects = {

/* Begin PBXBuildFile section */
		141CB46F1C6539AC3817D7AF /* Pods_HelloWorld_HelloWorldUITests.framework in Frameworks */ = {isa = PBXBuildFile; fileRef = 53FCC0BED6FEC0659DF87A95 /* Pods_HelloWorld_HelloWorldUITests.framework */; };
		83FF098D256A9E23005D3FA8 /* HelloWorldApp.swift in Sources */ = {isa = PBXBuildFile; fileRef = 83FF098C256A9E23005D3FA8 /* HelloWorldApp.swift */; };
		83FF098F256A9E23005D3FA8 /* ContentView.swift in Sources */ = {isa = PBXBuildFile; fileRef = 83FF098E256A9E23005D3FA8 /* ContentView.swift */; };
		83FF0991256A9E24005D3FA8 /* Assets.xcassets in Resources */ = {isa = PBXBuildFile; fileRef = 83FF0990256A9E24005D3FA8 /* Assets.xcassets */; };
		83FF0994256A9E24005D3FA8 /* Preview Assets.xcassets in Resources */ = {isa = PBXBuildFile; fileRef = 83FF0993256A9E24005D3FA8 /* Preview Assets.xcassets */; };
		83FF099F256A9E24005D3FA8 /* HelloWorldTests.swift in Sources */ = {isa = PBXBuildFile; fileRef = 83FF099E256A9E24005D3FA8 /* HelloWorldTests.swift */; };
		83FF09AA256A9E24005D3FA8 /* HelloWorldUITests.swift in Sources */ = {isa = PBXBuildFile; fileRef = 83FF09A9256A9E24005D3FA8 /* HelloWorldUITests.swift */; };
		83FF09CA256B1FC8005D3FA8 /* CircleImage.swift in Sources */ = {isa = PBXBuildFile; fileRef = 83FF09C9256B1FC8005D3FA8 /* CircleImage.swift */; };
		D7ECD18DBB5B4ECF44D9BB90 /* Pods_HelloWorldTests.framework in Frameworks */ = {isa = PBXBuildFile; fileRef = A4B70AE39EEE1A973CBA7A59 /* Pods_HelloWorldTests.framework */; };
/* End PBXBuildFile section */

/* Begin PBXContainerItemProxy section */
		83FF099B256A9E24005D3FA8 /* PBXContainerItemProxy */ = {
			isa = PBXContainerItemProxy;
			containerPortal = 83FF0981256A9E23005D3FA8 /* Project object */;
			proxyType = 1;
			remoteGlobalIDString = 83FF0988256A9E23005D3FA8;
			remoteInfo = HelloWorld;
		};
		83FF09A6256A9E24005D3FA8 /* PBXContainerItemProxy */ = {
			isa = PBXContainerItemProxy;
			containerPortal = 83FF0981256A9E23005D3FA8 /* Project object */;
			proxyType = 1;
			remoteGlobalIDString = 83FF0988256A9E23005D3FA8;
			remoteInfo = HelloWorld;
		};
/* End PBXContainerItemProxy section */

/* Begin PBXFileReference section */
		20CCBED960D29AFE8F675DA7 /* Pods-HelloWorldTests.release.xcconfig */ = {isa = PBXFileReference; includeInIndex = 1; lastKnownFileType = text.xcconfig; name = "Pods-HelloWorldTests.release.xcconfig"; path = "Target Support Files/Pods-HelloWorldTests/Pods-HelloWorldTests.release.xcconfig"; sourceTree = "<group>"; };
		2763A79854B0AA7BFBADE0F4 /* Pods-HelloWorldTests.debug.xcconfig */ = {isa = PBXFileReference; includeInIndex = 1; lastKnownFileType = text.xcconfig; name = "Pods-HelloWorldTests.debug.xcconfig"; path = "Target Support Files/Pods-HelloWorldTests/Pods-HelloWorldTests.debug.xcconfig"; sourceTree = "<group>"; };
		53FCC0BED6FEC0659DF87A95 /* Pods_HelloWorld_HelloWorldUITests.framework */ = {isa = PBXFileReference; explicitFileType = wrapper.framework; includeInIndex = 0; path = Pods_HelloWorld_HelloWorldUITests.framework; sourceTree = BUILT_PRODUCTS_DIR; };
		739328E293DE8AF78CD6EF51 /* Pods-HelloWorld-HelloWorldUITests.release.xcconfig */ = {isa = PBXFileReference; includeInIndex = 1; lastKnownFileType = text.xcconfig; name = "Pods-HelloWorld-HelloWorldUITests.release.xcconfig"; path = "Target Support Files/Pods-HelloWorld-HelloWorldUITests/Pods-HelloWorld-HelloWorldUITests.release.xcconfig"; sourceTree = "<group>"; };
		83FF0989256A9E23005D3FA8 /* HelloWorld.app */ = {isa = PBXFileReference; explicitFileType = wrapper.application; includeInIndex = 0; path = HelloWorld.app; sourceTree = BUILT_PRODUCTS_DIR; };
		83FF098C256A9E23005D3FA8 /* HelloWorldApp.swift */ = {isa = PBXFileReference; lastKnownFileType = sourcecode.swift; path = HelloWorldApp.swift; sourceTree = "<group>"; };
		83FF098E256A9E23005D3FA8 /* ContentView.swift */ = {isa = PBXFileReference; lastKnownFileType = sourcecode.swift; path = ContentView.swift; sourceTree = "<group>"; };
		83FF0990256A9E24005D3FA8 /* Assets.xcassets */ = {isa = PBXFileReference; lastKnownFileType = folder.assetcatalog; path = Assets.xcassets; sourceTree = "<group>"; };
		83FF0993256A9E24005D3FA8 /* Preview Assets.xcassets */ = {isa = PBXFileReference; lastKnownFileType = folder.assetcatalog; path = "Preview Assets.xcassets"; sourceTree = "<group>"; };
		83FF0995256A9E24005D3FA8 /* Info.plist */ = {isa = PBXFileReference; lastKnownFileType = text.plist.xml; path = Info.plist; sourceTree = "<group>"; };
		83FF099A256A9E24005D3FA8 /* HelloWorldTests.xctest */ = {isa = PBXFileReference; explicitFileType = wrapper.cfbundle; includeInIndex = 0; path = HelloWorldTests.xctest; sourceTree = BUILT_PRODUCTS_DIR; };
		83FF099E256A9E24005D3FA8 /* HelloWorldTests.swift */ = {isa = PBXFileReference; lastKnownFileType = sourcecode.swift; path = HelloWorldTests.swift; sourceTree = "<group>"; };
		83FF09A0256A9E24005D3FA8 /* Info.plist */ = {isa = PBXFileReference; lastKnownFileType = text.plist.xml; path = Info.plist; sourceTree = "<group>"; };
		83FF09A5256A9E24005D3FA8 /* HelloWorldUITests.xctest */ = {isa = PBXFileReference; explicitFileType = wrapper.cfbundle; includeInIndex = 0; path = HelloWorldUITests.xctest; sourceTree = BUILT_PRODUCTS_DIR; };
		83FF09A9256A9E24005D3FA8 /* HelloWorldUITests.swift */ = {isa = PBXFileReference; lastKnownFileType = sourcecode.swift; path = HelloWorldUITests.swift; sourceTree = "<group>"; };
		83FF09AB256A9E24005D3FA8 /* Info.plist */ = {isa = PBXFileReference; lastKnownFileType = text.plist.xml; path = Info.plist; sourceTree = "<group>"; };
		83FF09C9256B1FC8005D3FA8 /* CircleImage.swift */ = {isa = PBXFileReference; lastKnownFileType = sourcecode.swift; path = CircleImage.swift; sourceTree = "<group>"; };
		86F4C9217D3AC2C1C782CACC /* Pods-HelloWorld.release.xcconfig */ = {isa = PBXFileReference; includeInIndex = 1; lastKnownFileType = text.xcconfig; name = "Pods-HelloWorld.release.xcconfig"; path = "Target Support Files/Pods-HelloWorld/Pods-HelloWorld.release.xcconfig"; sourceTree = "<group>"; };
		A17D628284FABCE0A4E2A56B /* Pods-HelloWorld.debug.xcconfig */ = {isa = PBXFileReference; includeInIndex = 1; lastKnownFileType = text.xcconfig; name = "Pods-HelloWorld.debug.xcconfig"; path = "Target Support Files/Pods-HelloWorld/Pods-HelloWorld.debug.xcconfig"; sourceTree = "<group>"; };
		A4B70AE39EEE1A973CBA7A59 /* Pods_HelloWorldTests.framework */ = {isa = PBXFileReference; explicitFileType = wrapper.framework; includeInIndex = 0; path = Pods_HelloWorldTests.framework; sourceTree = BUILT_PRODUCTS_DIR; };
		F79B010B191B9BAFB15AC351 /* Pods-HelloWorld-HelloWorldUITests.debug.xcconfig */ = {isa = PBXFileReference; includeInIndex = 1; lastKnownFileType = text.xcconfig; name = "Pods-HelloWorld-HelloWorldUITests.debug.xcconfig"; path = "Target Support Files/Pods-HelloWorld-HelloWorldUITests/Pods-HelloWorld-HelloWorldUITests.debug.xcconfig"; sourceTree = "<group>"; };
/* End PBXFileReference section */

/* Begin PBXFrameworksBuildPhase section */
		83FF0986256A9E23005D3FA8 /* Frameworks */ = {
			isa = PBXFrameworksBuildPhase;
			buildActionMask = 2147483647;
			files = (
			);
			runOnlyForDeploymentPostprocessing = 0;
		};
		83FF0997256A9E24005D3FA8 /* Frameworks */ = {
			isa = PBXFrameworksBuildPhase;
			buildActionMask = 2147483647;
			files = (
				D7ECD18DBB5B4ECF44D9BB90 /* Pods_HelloWorldTests.framework in Frameworks */,
			);
			runOnlyForDeploymentPostprocessing = 0;
		};
		83FF09A2256A9E24005D3FA8 /* Frameworks */ = {
			isa = PBXFrameworksBuildPhase;
			buildActionMask = 2147483647;
			files = (
				141CB46F1C6539AC3817D7AF /* Pods_HelloWorld_HelloWorldUITests.framework in Frameworks */,
			);
			runOnlyForDeploymentPostprocessing = 0;
		};
/* End PBXFrameworksBuildPhase section */

/* Begin PBXGroup section */
		7A600AFFCF60AD4FD8550E63 /* Pods */ = {
			isa = PBXGroup;
			children = (
				A17D628284FABCE0A4E2A56B /* Pods-HelloWorld.debug.xcconfig */,
				86F4C9217D3AC2C1C782CACC /* Pods-HelloWorld.release.xcconfig */,
				F79B010B191B9BAFB15AC351 /* Pods-HelloWorld-HelloWorldUITests.debug.xcconfig */,
				739328E293DE8AF78CD6EF51 /* Pods-HelloWorld-HelloWorldUITests.release.xcconfig */,
				2763A79854B0AA7BFBADE0F4 /* Pods-HelloWorldTests.debug.xcconfig */,
				20CCBED960D29AFE8F675DA7 /* Pods-HelloWorldTests.release.xcconfig */,
			);
			path = Pods;
			sourceTree = "<group>";
		};
		83FF0980256A9E23005D3FA8 = {
			isa = PBXGroup;
			children = (
				83FF098B256A9E23005D3FA8 /* HelloWorld */,
				83FF099D256A9E24005D3FA8 /* HelloWorldTests */,
				83FF09A8256A9E24005D3FA8 /* HelloWorldUITests */,
				83FF098A256A9E23005D3FA8 /* Products */,
				7A600AFFCF60AD4FD8550E63 /* Pods */,
				DDE8089542646DB8E78D73C5 /* Frameworks */,
			);
			sourceTree = "<group>";
		};
		83FF098A256A9E23005D3FA8 /* Products */ = {
			isa = PBXGroup;
			children = (
				83FF0989256A9E23005D3FA8 /* HelloWorld.app */,
				83FF099A256A9E24005D3FA8 /* HelloWorldTests.xctest */,
				83FF09A5256A9E24005D3FA8 /* HelloWorldUITests.xctest */,
			);
			name = Products;
			sourceTree = "<group>";
		};
		83FF098B256A9E23005D3FA8 /* HelloWorld */ = {
			isa = PBXGroup;
			children = (
				83FF09D1256B2184005D3FA8 /* feature */,
				83FF098C256A9E23005D3FA8 /* HelloWorldApp.swift */,
				83FF098E256A9E23005D3FA8 /* ContentView.swift */,
				83FF09C9256B1FC8005D3FA8 /* CircleImage.swift */,
				83FF0990256A9E24005D3FA8 /* Assets.xcassets */,
				83FF0995256A9E24005D3FA8 /* Info.plist */,
				83FF0992256A9E24005D3FA8 /* Preview Content */,
			);
			path = HelloWorld;
			sourceTree = "<group>";
		};
		83FF0992256A9E24005D3FA8 /* Preview Content */ = {
			isa = PBXGroup;
			children = (
				83FF0993256A9E24005D3FA8 /* Preview Assets.xcassets */,
			);
			path = "Preview Content";
			sourceTree = "<group>";
		};
		83FF099D256A9E24005D3FA8 /* HelloWorldTests */ = {
			isa = PBXGroup;
			children = (
				83FF099E256A9E24005D3FA8 /* HelloWorldTests.swift */,
				83FF09A0256A9E24005D3FA8 /* Info.plist */,
			);
			path = HelloWorldTests;
			sourceTree = "<group>";
		};
		83FF09A8256A9E24005D3FA8 /* HelloWorldUITests */ = {
			isa = PBXGroup;
			children = (
				83FF09A9256A9E24005D3FA8 /* HelloWorldUITests.swift */,
				83FF09AB256A9E24005D3FA8 /* Info.plist */,
			);
			path = HelloWorldUITests;
			sourceTree = "<group>";
		};
		83FF09D1256B2184005D3FA8 /* feature */ = {
			isa = PBXGroup;
			children = (
			);
			path = feature;
			sourceTree = "<group>";
		};
		DDE8089542646DB8E78D73C5 /* Frameworks */ = {
			isa = PBXGroup;
			children = (
				53FCC0BED6FEC0659DF87A95 /* Pods_HelloWorld_HelloWorldUITests.framework */,
				A4B70AE39EEE1A973CBA7A59 /* Pods_HelloWorldTests.framework */,
			);
			name = Frameworks;
			sourceTree = "<group>";
		};
/* End PBXGroup section */

/* Begin PBXNativeTarget section */
		83FF0988256A9E23005D3FA8 /* HelloWorld */ = {
			isa = PBXNativeTarget;
			buildConfigurationList = 83FF09AE256A9E24005D3FA8 /* Build configuration list for PBXNativeTarget "HelloWorld" */;
			buildPhases = (
				12053AC38F6467D08C4BF5BC /* [CP] Check Pods Manifest.lock */,
				83FF0985256A9E23005D3FA8 /* Sources */,
				83FF0986256A9E23005D3FA8 /* Frameworks */,
				83FF0987256A9E23005D3FA8 /* Resources */,
			);
			buildRules = (
			);
			dependencies = (
			);
			name = HelloWorld;
			productName = HelloWorld;
			productReference = 83FF0989256A9E23005D3FA8 /* HelloWorld.app */;
			productType = "com.apple.product-type.application";
		};
		83FF0999256A9E24005D3FA8 /* HelloWorldTests */ = {
			isa = PBXNativeTarget;
			buildConfigurationList = 83FF09B1256A9E24005D3FA8 /* Build configuration list for PBXNativeTarget "HelloWorldTests" */;
			buildPhases = (
				EA878E94F75013CCB143A87F /* [CP] Check Pods Manifest.lock */,
				83FF0996256A9E24005D3FA8 /* Sources */,
				83FF0997256A9E24005D3FA8 /* Frameworks */,
				83FF0998256A9E24005D3FA8 /* Resources */,
			);
			buildRules = (
			);
			dependencies = (
				83FF099C256A9E24005D3FA8 /* PBXTargetDependency */,
			);
			name = HelloWorldTests;
			productName = HelloWorldTests;
			productReference = 83FF099A256A9E24005D3FA8 /* HelloWorldTests.xctest */;
			productType = "com.apple.product-type.bundle.unit-test";
		};
		83FF09A4256A9E24005D3FA8 /* HelloWorldUITests */ = {
			isa = PBXNativeTarget;
			buildConfigurationList = 83FF09B4256A9E24005D3FA8 /* Build configuration list for PBXNativeTarget "HelloWorldUITests" */;
			buildPhases = (
				E695AD37690F7EB1FFBFEFC7 /* [CP] Check Pods Manifest.lock */,
				83FF09A1256A9E24005D3FA8 /* Sources */,
				83FF09A2256A9E24005D3FA8 /* Frameworks */,
				83FF09A3256A9E24005D3FA8 /* Resources */,
			);
			buildRules = (
			);
			dependencies = (
				83FF09A7256A9E24005D3FA8 /* PBXTargetDependency */,
			);
			name = HelloWorldUITests;
			productName = HelloWorldUITests;
			productReference = 83FF09A5256A9E24005D3FA8 /* HelloWorldUITests.xctest */;
			productType = "com.apple.product-type.bundle.ui-testing";
		};
/* End PBXNativeTarget section */

/* Begin PBXProject section */
		83FF0981256A9E23005D3FA8 /* Project object */ = {
			isa = PBXProject;
			attributes = {
				LastSwiftUpdateCheck = 1220;
				LastUpgradeCheck = 1220;
				TargetAttributes = {
					83FF0988256A9E23005D3FA8 = {
						CreatedOnToolsVersion = 12.2;
					};
					83FF0999256A9E24005D3FA8 = {
						CreatedOnToolsVersion = 12.2;
						TestTargetID = 83FF0988256A9E23005D3FA8;
					};
					83FF09A4256A9E24005D3FA8 = {
						CreatedOnToolsVersion = 12.2;
						TestTargetID = 83FF0988256A9E23005D3FA8;
					};
				};
			};
			buildConfigurationList = 83FF0984256A9E23005D3FA8 /* Build configuration list for PBXProject "HelloWorld" */;
			compatibilityVersion = "Xcode 9.3";
			developmentRegion = en;
			hasScannedForEncodings = 0;
			knownRegions = (
				en,
				Base,
			);
			mainGroup = 83FF0980256A9E23005D3FA8;
			productRefGroup = 83FF098A256A9E23005D3FA8 /* Products */;
			projectDirPath = "";
			projectRoot = "";
			targets = (
				83FF0988256A9E23005D3FA8 /* HelloWorld */,
				83FF0999256A9E24005D3FA8 /* HelloWorldTests */,
				83FF09A4256A9E24005D3FA8 /* HelloWorldUITests */,
			);
		};
/* End PBXProject section */

/* Begin PBXResourcesBuildPhase section */
		83FF0987256A9E23005D3FA8 /* Resources */ = {
			isa = PBXResourcesBuildPhase;
			buildActionMask = 2147483647;
			files = (
				83FF0994256A9E24005D3FA8 /* Preview Assets.xcassets in Resources */,
				83FF0991256A9E24005D3FA8 /* Assets.xcassets in Resources */,
			);
			runOnlyForDeploymentPostprocessing = 0;
		};
		83FF0998256A9E24005D3FA8 /* Resources */ = {
			isa = PBXResourcesBuildPhase;
			buildActionMask = 2147483647;
			files = (
			);
			runOnlyForDeploymentPostprocessing = 0;
		};
		83FF09A3256A9E24005D3FA8 /* Resources */ = {
			isa = PBXResourcesBuildPhase;
			buildActionMask = 2147483647;
			files = (
			);
			runOnlyForDeploymentPostprocessing = 0;
		};
/* End PBXResourcesBuildPhase section */

/* Begin PBXShellScriptBuildPhase section */
		12053AC38F6467D08C4BF5BC /* [CP] Check Pods Manifest.lock */ = {
			isa = PBXShellScriptBuildPhase;
			buildActionMask = 2147483647;
			files = (
			);
			inputFileListPaths = (
			);
			inputPaths = (
				"${PODS_PODFILE_DIR_PATH}/Podfile.lock",
				"${PODS_ROOT}/Manifest.lock",
			);
			name = "[CP] Check Pods Manifest.lock";
			outputFileListPaths = (
			);
			outputPaths = (
				"$(DERIVED_FILE_DIR)/Pods-HelloWorld-checkManifestLockResult.txt",
			);
			runOnlyForDeploymentPostprocessing = 0;
			shellPath = /bin/sh;
			shellScript = "diff \"${PODS_PODFILE_DIR_PATH}/Podfile.lock\" \"${PODS_ROOT}/Manifest.lock\" > /dev/null\nif [ $? != 0 ] ; then\n    # print error to STDERR\n    echo \"error: The sandbox is not in sync with the Podfile.lock. Run 'pod install' or update your CocoaPods installation.\" >&2\n    exit 1\nfi\n# This output is used by Xcode 'outputs' to avoid re-running this script phase.\necho \"SUCCESS\" > \"${SCRIPT_OUTPUT_FILE_0}\"\n";
			showEnvVarsInLog = 0;
		};
		E695AD37690F7EB1FFBFEFC7 /* [CP] Check Pods Manifest.lock */ = {
			isa = PBXShellScriptBuildPhase;
			buildActionMask = 2147483647;
			files = (
			);
			inputFileListPaths = (
			);
			inputPaths = (
				"${PODS_PODFILE_DIR_PATH}/Podfile.lock",
				"${PODS_ROOT}/Manifest.lock",
			);
			name = "[CP] Check Pods Manifest.lock";
			outputFileListPaths = (
			);
			outputPaths = (
				"$(DERIVED_FILE_DIR)/Pods-HelloWorld-HelloWorldUITests-checkManifestLockResult.txt",
			);
			runOnlyForDeploymentPostprocessing = 0;
			shellPath = /bin/sh;
			shellScript = "diff \"${PODS_PODFILE_DIR_PATH}/Podfile.lock\" \"${PODS_ROOT}/Manifest.lock\" > /dev/null\nif [ $? != 0 ] ; then\n    # print error to STDERR\n    echo \"error: The sandbox is not in sync with the Podfile.lock. Run 'pod install' or update your CocoaPods installation.\" >&2\n    exit 1\nfi\n# This output is used by Xcode 'outputs' to avoid re-running this script phase.\necho \"SUCCESS\" > \"${SCRIPT_OUTPUT_FILE_0}\"\n";
			showEnvVarsInLog = 0;
		};
		EA878E94F75013CCB143A87F /* [CP] Check Pods Manifest.lock */ = {
			isa = PBXShellScriptBuildPhase;
			buildActionMask = 2147483647;
			files = (
			);
			inputFileListPaths = (
			);
			inputPaths = (
				"${PODS_PODFILE_DIR_PATH}/Podfile.lock",
				"${PODS_ROOT}/Manifest.lock",
			);
			name = "[CP] Check Pods Manifest.lock";
			outputFileListPaths = (
			);
			outputPaths = (
				"$(DERIVED_FILE_DIR)/Pods-HelloWorldTests-checkManifestLockResult.txt",
			);
			runOnlyForDeploymentPostprocessing = 0;
			shellPath = /bin/sh;
			shellScript = "diff \"${PODS_PODFILE_DIR_PATH}/Podfile.lock\" \"${PODS_ROOT}/Manifest.lock\" > /dev/null\nif [ $? != 0 ] ; then\n    # print error to STDERR\n    echo \"error: The sandbox is not in sync with the Podfile.lock. Run 'pod install' or update your CocoaPods installation.\" >&2\n    exit 1\nfi\n# This output is used by Xcode 'outputs' to avoid re-running this script phase.\necho \"SUCCESS\" > \"${SCRIPT_OUTPUT_FILE_0}\"\n";
			showEnvVarsInLog = 0;
		};
/* End PBXShellScriptBuildPhase section */

/* Begin PBXSourcesBuildPhase section */
		83FF0985256A9E23005D3FA8 /* Sources */ = {
			isa = PBXSourcesBuildPhase;
			buildActionMask = 2147483647;
			files = (
				83FF098F256A9E23005D3FA8 /* ContentView.swift in Sources */,
				83FF098D256A9E23005D3FA8 /* HelloWorldApp.swift in Sources */,
				83FF09CA256B1FC8005D3FA8 /* CircleImage.swift in Sources */,
			);
			runOnlyForDeploymentPostprocessing = 0;
		};
		83FF0996256A9E24005D3FA8 /* Sources */ = {
			isa = PBXSourcesBuildPhase;
			buildActionMask = 2147483647;
			files = (
				83FF099F256A9E24005D3FA8 /* HelloWorldTests.swift in Sources */,
			);
			runOnlyForDeploymentPostprocessing = 0;
		};
		83FF09A1256A9E24005D3FA8 /* Sources */ = {
			isa = PBXSourcesBuildPhase;
			buildActionMask = 2147483647;
			files = (
				83FF09AA256A9E24005D3FA8 /* HelloWorldUITests.swift in Sources */,
			);
			runOnlyForDeploymentPostprocessing = 0;
		};
/* End PBXSourcesBuildPhase section */

/* Begin PBXTargetDependency section */
		83FF099C256A9E24005D3FA8 /* PBXTargetDependency */ = {
			isa = PBXTargetDependency;
			target = 83FF0988256A9E23005D3FA8 /* HelloWorld */;
			targetProxy = 83FF099B256A9E24005D3FA8 /* PBXContainerItemProxy */;
		};
		83FF09A7256A9E24005D3FA8 /* PBXTargetDependency */ = {
			isa = PBXTargetDependency;
			target = 83FF0988256A9E23005D3FA8 /* HelloWorld */;
			targetProxy = 83FF09A6256A9E24005D3FA8 /* PBXContainerItemProxy */;
		};
/* End PBXTargetDependency section */

/* Begin XCBuildConfiguration section */
		83FF09AC256A9E24005D3FA8 /* Debug */ = {
			isa = XCBuildConfiguration;
			buildSettings = {
				ALWAYS_SEARCH_USER_PATHS = NO;
				CLANG_ANALYZER_NONNULL = YES;
				CLANG_ANALYZER_NUMBER_OBJECT_CONVERSION = YES_AGGRESSIVE;
				CLANG_CXX_LANGUAGE_STANDARD = "gnu++14";
				CLANG_CXX_LIBRARY = "libc++";
				CLANG_ENABLE_MODULES = YES;
				CLANG_ENABLE_OBJC_ARC = YES;
				CLANG_ENABLE_OBJC_WEAK = YES;
				CLANG_WARN_BLOCK_CAPTURE_AUTORELEASING = YES;
				CLANG_WARN_BOOL_CONVERSION = YES;
				CLANG_WARN_COMMA = YES;
				CLANG_WARN_CONSTANT_CONVERSION = YES;
				CLANG_WARN_DEPRECATED_OBJC_IMPLEMENTATIONS = YES;
				CLANG_WARN_DIRECT_OBJC_ISA_USAGE = YES_ERROR;
				CLANG_WARN_DOCUMENTATION_COMMENTS = YES;
				CLANG_WARN_EMPTY_BODY = YES;
				CLANG_WARN_ENUM_CONVERSION = YES;
				CLANG_WARN_INFINITE_RECURSION = YES;
				CLANG_WARN_INT_CONVERSION = YES;
				CLANG_WARN_NON_LITERAL_NULL_CONVERSION = YES;
				CLANG_WARN_OBJC_IMPLICIT_RETAIN_SELF = YES;
				CLANG_WARN_OBJC_LITERAL_CONVERSION = YES;
				CLANG_WARN_OBJC_ROOT_CLASS = YES_ERROR;
				CLANG_WARN_QUOTED_INCLUDE_IN_FRAMEWORK_HEADER = YES;
				CLANG_WARN_RANGE_LOOP_ANALYSIS = YES;
				CLANG_WARN_STRICT_PROTOTYPES = YES;
				CLANG_WARN_SUSPICIOUS_MOVE = YES;
				CLANG_WARN_UNGUARDED_AVAILABILITY = YES_AGGRESSIVE;
				CLANG_WARN_UNREACHABLE_CODE = YES;
				CLANG_WARN__DUPLICATE_METHOD_MATCH = YES;
				COPY_PHASE_STRIP = NO;
				DEBUG_INFORMATION_FORMAT = dwarf;
				ENABLE_STRICT_OBJC_MSGSEND = YES;
				ENABLE_TESTABILITY = YES;
				GCC_C_LANGUAGE_STANDARD = gnu11;
				GCC_DYNAMIC_NO_PIC = NO;
				GCC_NO_COMMON_BLOCKS = YES;
				GCC_OPTIMIZATION_LEVEL = 0;
				GCC_PREPROCESSOR_DEFINITIONS = (
					"DEBUG=1",
					"$(inherited)",
				);
				GCC_WARN_64_TO_32_BIT_CONVERSION = YES;
				GCC_WARN_ABOUT_RETURN_TYPE = YES_ERROR;
				GCC_WARN_UNDECLARED_SELECTOR = YES;
				GCC_WARN_UNINITIALIZED_AUTOS = YES_AGGRESSIVE;
				GCC_WARN_UNUSED_FUNCTION = YES;
				GCC_WARN_UNUSED_VARIABLE = YES;
				IPHONEOS_DEPLOYMENT_TARGET = 14.2;
				MTL_ENABLE_DEBUG_INFO = INCLUDE_SOURCE;
				MTL_FAST_MATH = YES;
				ONLY_ACTIVE_ARCH = YES;
				SDKROOT = iphoneos;
				SWIFT_ACTIVE_COMPILATION_CONDITIONS = DEBUG;
				SWIFT_OPTIMIZATION_LEVEL = "-Onone";
			};
			name = Debug;
		};
		83FF09AD256A9E24005D3FA8 /* Release */ = {
			isa = XCBuildConfiguration;
			buildSettings = {
				ALWAYS_SEARCH_USER_PATHS = NO;
				CLANG_ANALYZER_NONNULL = YES;
				CLANG_ANALYZER_NUMBER_OBJECT_CONVERSION = YES_AGGRESSIVE;
				CLANG_CXX_LANGUAGE_STANDARD = "gnu++14";
				CLANG_CXX_LIBRARY = "libc++";
				CLANG_ENABLE_MODULES = YES;
				CLANG_ENABLE_OBJC_ARC = YES;
				CLANG_ENABLE_OBJC_WEAK = YES;
				CLANG_WARN_BLOCK_CAPTURE_AUTORELEASING = YES;
				CLANG_WARN_BOOL_CONVERSION = YES;
				CLANG_WARN_COMMA = YES;
				CLANG_WARN_CONSTANT_CONVERSION = YES;
				CLANG_WARN_DEPRECATED_OBJC_IMPLEMENTATIONS = YES;
				CLANG_WARN_DIRECT_OBJC_ISA_USAGE = YES_ERROR;
				CLANG_WARN_DOCUMENTATION_COMMENTS = YES;
				CLANG_WARN_EMPTY_BODY = YES;
				CLANG_WARN_ENUM_CONVERSION = YES;
				CLANG_WARN_INFINITE_RECURSION = YES;
				CLANG_WARN_INT_CONVERSION = YES;
				CLANG_WARN_NON_LITERAL_NULL_CONVERSION = YES;
				CLANG_WARN_OBJC_IMPLICIT_RETAIN_SELF = YES;
				CLANG_WARN_OBJC_LITERAL_CONVERSION = YES;
				CLANG_WARN_OBJC_ROOT_CLASS = YES_ERROR;
				CLANG_WARN_QUOTED_INCLUDE_IN_FRAMEWORK_HEADER = YES;
				CLANG_WARN_RANGE_LOOP_ANALYSIS = YES;
				CLANG_WARN_STRICT_PROTOTYPES = YES;
				CLANG_WARN_SUSPICIOUS_MOVE = YES;
				CLANG_WARN_UNGUARDED_AVAILABILITY = YES_AGGRESSIVE;
				CLANG_WARN_UNREACHABLE_CODE = YES;
				CLANG_WARN__DUPLICATE_METHOD_MATCH = YES;
				COPY_PHASE_STRIP = NO;
				DEBUG_INFORMATION_FORMAT = "dwarf-with-dsym";
				ENABLE_NS_ASSERTIONS = NO;
				ENABLE_STRICT_OBJC_MSGSEND = YES;
				GCC_C_LANGUAGE_STANDARD = gnu11;
				GCC_NO_COMMON_BLOCKS = YES;
				GCC_WARN_64_TO_32_BIT_CONVERSION = YES;
				GCC_WARN_ABOUT_RETURN_TYPE = YES_ERROR;
				GCC_WARN_UNDECLARED_SELECTOR = YES;
				GCC_WARN_UNINITIALIZED_AUTOS = YES_AGGRESSIVE;
				GCC_WARN_UNUSED_FUNCTION = YES;
				GCC_WARN_UNUSED_VARIABLE = YES;
				IPHONEOS_DEPLOYMENT_TARGET = 14.2;
				MTL_ENABLE_DEBUG_INFO = NO;
				MTL_FAST_MATH = YES;
				SDKROOT = iphoneos;
				SWIFT_COMPILATION_MODE = wholemodule;
				SWIFT_OPTIMIZATION_LEVEL = "-O";
				VALIDATE_PRODUCT = YES;
			};
			name = Release;
		};
		83FF09AF256A9E24005D3FA8 /* Debug */ = {
			isa = XCBuildConfiguration;
			baseConfigurationReference = A17D628284FABCE0A4E2A56B /* Pods-HelloWorld.debug.xcconfig */;
			buildSettings = {
				ASSETCATALOG_COMPILER_APPICON_NAME = AppIcon;
				ASSETCATALOG_COMPILER_GLOBAL_ACCENT_COLOR_NAME = AccentColor;
				CODE_SIGN_STYLE = Automatic;
				DEVELOPMENT_ASSET_PATHS = "\"HelloWorld/Preview Content\"";
				ENABLE_PREVIEWS = YES;
				INFOPLIST_FILE = HelloWorld/Info.plist;
				IPHONEOS_DEPLOYMENT_TARGET = 14.0;
				LD_RUNPATH_SEARCH_PATHS = (
					"$(inherited)",
					"@executable_path/Frameworks",
				);
				PRODUCT_BUNDLE_IDENTIFIER = com.revolhope.splanes.HelloWorld;
				PRODUCT_NAME = "$(TARGET_NAME)";
				SWIFT_VERSION = 5.0;
				TARGETED_DEVICE_FAMILY = "1,2";
			};
			name = Debug;
		};
		83FF09B0256A9E24005D3FA8 /* Release */ = {
			isa = XCBuildConfiguration;
			baseConfigurationReference = 86F4C9217D3AC2C1C782CACC /* Pods-HelloWorld.release.xcconfig */;
			buildSettings = {
				ASSETCATALOG_COMPILER_APPICON_NAME = AppIcon;
				ASSETCATALOG_COMPILER_GLOBAL_ACCENT_COLOR_NAME = AccentColor;
				CODE_SIGN_STYLE = Automatic;
				DEVELOPMENT_ASSET_PATHS = "\"HelloWorld/Preview Content\"";
				ENABLE_PREVIEWS = YES;
				INFOPLIST_FILE = HelloWorld/Info.plist;
				IPHONEOS_DEPLOYMENT_TARGET = 14.0;
				LD_RUNPATH_SEARCH_PATHS = (
					"$(inherited)",
					"@executable_path/Frameworks",
				);
				PRODUCT_BUNDLE_IDENTIFIER = com.revolhope.splanes.HelloWorld;
				PRODUCT_NAME = "$(TARGET_NAME)";
				SWIFT_VERSION = 5.0;
				TARGETED_DEVICE_FAMILY = "1,2";
			};
			name = Release;
		};
		83FF09B2256A9E24005D3FA8 /* Debug */ = {
			isa = XCBuildConfiguration;
			baseConfigurationReference = 2763A79854B0AA7BFBADE0F4 /* Pods-HelloWorldTests.debug.xcconfig */;
			buildSettings = {
				ALWAYS_EMBED_SWIFT_STANDARD_LIBRARIES = YES;
				BUNDLE_LOADER = "$(TEST_HOST)";
				CODE_SIGN_STYLE = Automatic;
				INFOPLIST_FILE = HelloWorldTests/Info.plist;
				IPHONEOS_DEPLOYMENT_TARGET = 14.0;
				LD_RUNPATH_SEARCH_PATHS = (
					"$(inherited)",
					"@executable_path/Frameworks",
					"@loader_path/Frameworks",
				);
				PRODUCT_BUNDLE_IDENTIFIER = com.revolhope.splanes.HelloWorldTests;
				PRODUCT_NAME = "$(TARGET_NAME)";
				SWIFT_VERSION = 5.0;
				TARGETED_DEVICE_FAMILY = "1,2";
				TEST_HOST = "$(BUILT_PRODUCTS_DIR)/HelloWorld.app/HelloWorld";
			};
			name = Debug;
		};
		83FF09B3256A9E24005D3FA8 /* Release */ = {
			isa = XCBuildConfiguration;
			baseConfigurationReference = 20CCBED960D29AFE8F675DA7 /* Pods-HelloWorldTests.release.xcconfig */;
			buildSettings = {
				ALWAYS_EMBED_SWIFT_STANDARD_LIBRARIES = YES;
				BUNDLE_LOADER = "$(TEST_HOST)";
				CODE_SIGN_STYLE = Automatic;
				INFOPLIST_FILE = HelloWorldTests/Info.plist;
				IPHONEOS_DEPLOYMENT_TARGET = 14.0;
				LD_RUNPATH_SEARCH_PATHS = (
					"$(inherited)",
					"@executable_path/Frameworks",
					"@loader_path/Frameworks",
				);
				PRODUCT_BUNDLE_IDENTIFIER = com.revolhope.splanes.HelloWorldTests;
				PRODUCT_NAME = "$(TARGET_NAME)";
				SWIFT_VERSION = 5.0;
				TARGETED_DEVICE_FAMILY = "1,2";
				TEST_HOST = "$(BUILT_PRODUCTS_DIR)/HelloWorld.app/HelloWorld";
			};
			name = Release;
		};
		83FF09B5256A9E24005D3FA8 /* Debug */ = {
			isa = XCBuildConfiguration;
			baseConfigurationReference = F79B010B191B9BAFB15AC351 /* Pods-HelloWorld-HelloWorldUITests.debug.xcconfig */;
			buildSettings = {
				ALWAYS_EMBED_SWIFT_STANDARD_LIBRARIES = YES;
				CODE_SIGN_STYLE = Automatic;
				INFOPLIST_FILE = HelloWorldUITests/Info.plist;
				LD_RUNPATH_SEARCH_PATHS = (
					"$(inherited)",
					"@executable_path/Frameworks",
					"@loader_path/Frameworks",
				);
				PRODUCT_BUNDLE_IDENTIFIER = com.revolhope.splanes.HelloWorldUITests;
				PRODUCT_NAME = "$(TARGET_NAME)";
				SWIFT_VERSION = 5.0;
				TARGETED_DEVICE_FAMILY = "1,2";
				TEST_TARGET_NAME = HelloWorld;
			};
			name = Debug;
		};
		83FF09B6256A9E24005D3FA8 /* Release */ = {
			isa = XCBuildConfiguration;
			baseConfigurationReference = 739328E293DE8AF78CD6EF51 /* Pods-HelloWorld-HelloWorldUITests.release.xcconfig */;
			buildSettings = {
				ALWAYS_EMBED_SWIFT_STANDARD_LIBRARIES = YES;
				CODE_SIGN_STYLE = Automatic;
				INFOPLIST_FILE = HelloWorldUITests/Info.plist;
				LD_RUNPATH_SEARCH_PATHS = (
					"$(inherited)",
					"@executable_path/Frameworks",
					"@loader_path/Frameworks",
				);
				PRODUCT_BUNDLE_IDENTIFIER = com.revolhope.splanes.HelloWorldUITests;
				PRODUCT_NAME = "$(TARGET_NAME)";
				SWIFT_VERSION = 5.0;
				TARGETED_DEVICE_FAMILY = "1,2";
				TEST_TARGET_NAME = HelloWorld;
			};
			name = Release;
		};
/* End XCBuildConfiguration section */

/* Begin XCConfigurationList section */
		83FF0984256A9E23005D3FA8 /* Build configuration list for PBXProject "HelloWorld" */ = {
			isa = XCConfigurationList;
			buildConfigurations = (
				83FF09AC256A9E24005D3FA8 /* Debug */,
				83FF09AD256A9E24005D3FA8 /* Release */,
			);
			defaultConfigurationIsVisible = 0;
			defaultConfigurationName = Release;
		};
		83FF09AE256A9E24005D3FA8 /* Build configuration list for PBXNativeTarget "HelloWorld" */ = {
			isa = XCConfigurationList;
			buildConfigurations = (
				83FF09AF256A9E24005D3FA8 /* Debug */,
				83FF09B0256A9E24005D3FA8 /* Release */,
			);
			defaultConfigurationIsVisible = 0;
			defaultConfigurationName = Release;
		};
		83FF09B1256A9E24005D3FA8 /* Build configuration list for PBXNativeTarget "HelloWorldTests" */ = {
			isa = XCConfigurationList;
			buildConfigurations = (
				83FF09B2256A9E24005D3FA8 /* Debug */,
				83FF09B3256A9E24005D3FA8 /* Release */,
			);
			defaultConfigurationIsVisible = 0;
			defaultConfigurationName = Release;
		};
		83FF09B4256A9E24005D3FA8 /* Build configuration list for PBXNativeTarget "HelloWorldUITests" */ = {
			isa = XCConfigurationList;
			buildConfigurations = (
				83FF09B5256A9E24005D3FA8 /* Debug */,
				83FF09B6256A9E24005D3FA8 /* Release */,
			);
			defaultConfigurationIsVisible = 0;
			defaultConfigurationName = Release;
		};
/* End XCConfigurationList section */
	};
	rootObject = 83FF0981256A9E23005D3FA8 /* Project object */;
}
